
Microsoft Visual Studio Solution File, Format Version 12.00
# Visual Studio Version 16
VisualStudioVersion = 16.0.29509.3
MinimumVisualStudioVersion = 10.0.40219.1
Project("{2150E333-8FDC-42A3-9474-1A3956D46DE8}") = "01 Solucion WebApi (backend)", "01 Solucion WebApi (backend)", "{5A02F855-3B10-4175-BD72-3F6FA681C7FC}"
EndProject
Project("{2150E333-8FDC-42A3-9474-1A3956D46DE8}") = "01 Presentacion", "01 Presentacion", "{22AEE7F1-3AE1-402A-8511-3F29E7840F67}"
EndProject
Project("{2150E333-8FDC-42A3-9474-1A3956D46DE8}") = "02 Dominio", "02 Dominio", "{A09906D8-BC8E-467B-8B85-B9AEDD0183A2}"
EndProject
Project("{2150E333-8FDC-42A3-9474-1A3956D46DE8}") = "03 Aplicacion", "03 Aplicacion", "{535C2D49-0BAF-4233-9383-188D2AB20C70}"
EndProject
Project("{2150E333-8FDC-42A3-9474-1A3956D46DE8}") = "04 Persistencia", "04 Persistencia", "{733EE579-7E7C-4733-9A62-A3DFAEA5C4EC}"
EndProject
Project("{2150E333-8FDC-42A3-9474-1A3956D46DE8}") = "03 Solucion Xamarin (frontend)", "03 Solucion Xamarin (frontend)", "{AB177E13-A697-424C-86BD-6BDE06D382F5}"
EndProject
Project("{2150E333-8FDC-42A3-9474-1A3956D46DE8}") = "02 Solucion Service Rest (Net Standard)", "02 Solucion Service Rest (Net Standard)", "{CDDB25B8-D297-429E-A826-FDB7CA81F7FF}"
EndProject
Project("{9A19103F-16F7-4668-BE54-9A1E7A4F7556}") = "Northwind.WebAPI", "Northwind.WebAPI\Northwind.WebAPI.csproj", "{64808D2C-4BCE-4492-87D8-B68A2CB6AF0F}"
EndProject
Project("{9A19103F-16F7-4668-BE54-9A1E7A4F7556}") = "Northwind.Entities", "Northwind.Entities\Northwind.Entities.csproj", "{82E55833-612C-4418-89BD-F9F4B8209B2A}"
EndProject
Project("{9A19103F-16F7-4668-BE54-9A1E7A4F7556}") = "Northwind.DAL", "Northwind.DAL\Northwind.DAL.csproj", "{54B81286-339A-485F-9F8B-1C8DC3CCB6BA}"
EndProject
Project("{9A19103F-16F7-4668-BE54-9A1E7A4F7556}") = "Northwind.BLL", "Northwind.BLL\Northwind.BLL.csproj", "{0BC3D70A-3596-4D89-A502-3D68EEE11B6C}"
EndProject
Project("{FAE04EC0-301F-11D3-BF4B-00C04F79EFBC}") = "Northwind.RestService", "Northwind.RestService\Northwind.RestService.csproj", "{0E38CB0A-8C64-4CB0-9585-6DB3959B6E42}"
EndProject
Global
	GlobalSection(SolutionConfigurationPlatforms) = preSolution
		Debug|Any CPU = Debug|Any CPU
		Release|Any CPU = Release|Any CPU
	EndGlobalSection
	GlobalSection(ProjectConfigurationPlatforms) = postSolution
		{64808D2C-4BCE-4492-87D8-B68A2CB6AF0F}.Debug|Any CPU.ActiveCfg = Debug|Any CPU
		{64808D2C-4BCE-4492-87D8-B68A2CB6AF0F}.Debug|Any CPU.Build.0 = Debug|Any CPU
		{64808D2C-4BCE-4492-87D8-B68A2CB6AF0F}.Release|Any CPU.ActiveCfg = Release|Any CPU
		{64808D2C-4BCE-4492-87D8-B68A2CB6AF0F}.Release|Any CPU.Build.0 = Release|Any CPU
		{82E55833-612C-4418-89BD-F9F4B8209B2A}.Debug|Any CPU.ActiveCfg = Debug|Any CPU
		{82E55833-612C-4418-89BD-F9F4B8209B2A}.Debug|Any CPU.Build.0 = Debug|Any CPU
		{82E55833-612C-4418-89BD-F9F4B8209B2A}.Release|Any CPU.ActiveCfg = Release|Any CPU
		{82E55833-612C-4418-89BD-F9F4B8209B2A}.Release|Any CPU.Build.0 = Release|Any CPU
		{54B81286-339A-485F-9F8B-1C8DC3CCB6BA}.Debug|Any CPU.ActiveCfg = Debug|Any CPU
		{54B81286-339A-485F-9F8B-1C8DC3CCB6BA}.Debug|Any CPU.Build.0 = Debug|Any CPU
		{54B81286-339A-485F-9F8B-1C8DC3CCB6BA}.Release|Any CPU.ActiveCfg = Release|Any CPU
		{54B81286-339A-485F-9F8B-1C8DC3CCB6BA}.Release|Any CPU.Build.0 = Release|Any CPU
		{0BC3D70A-3596-4D89-A502-3D68EEE11B6C}.Debug|Any CPU.ActiveCfg = Debug|Any CPU
		{0BC3D70A-3596-4D89-A502-3D68EEE11B6C}.Debug|Any CPU.Build.0 = Debug|Any CPU
		{0BC3D70A-3596-4D89-A502-3D68EEE11B6C}.Release|Any CPU.ActiveCfg = Release|Any CPU
		{0BC3D70A-3596-4D89-A502-3D68EEE11B6C}.Release|Any CPU.Build.0 = Release|Any CPU
		{0E38CB0A-8C64-4CB0-9585-6DB3959B6E42}.Debug|Any CPU.ActiveCfg = Debug|Any CPU
		{0E38CB0A-8C64-4CB0-9585-6DB3959B6E42}.Debug|Any CPU.Build.0 = Debug|Any CPU
		{0E38CB0A-8C64-4CB0-9585-6DB3959B6E42}.Release|Any CPU.ActiveCfg = Release|Any CPU
		{0E38CB0A-8C64-4CB0-9585-6DB3959B6E42}.Release|Any CPU.Build.0 = Release|Any CPU
	EndGlobalSection
	GlobalSection(SolutionProperties) = preSolution
		HideSolutionNode = FALSE
	EndGlobalSection
	GlobalSection(NestedProjects) = preSolution
		{22AEE7F1-3AE1-402A-8511-3F29E7840F67} = {5A02F855-3B10-4175-BD72-3F6FA681C7FC}
		{A09906D8-BC8E-467B-8B85-B9AEDD0183A2} = {5A02F855-3B10-4175-BD72-3F6FA681C7FC}
		{535C2D49-0BAF-4233-9383-188D2AB20C70} = {5A02F855-3B10-4175-BD72-3F6FA681C7FC}
		{733EE579-7E7C-4733-9A62-A3DFAEA5C4EC} = {5A02F855-3B10-4175-BD72-3F6FA681C7FC}
		{64808D2C-4BCE-4492-87D8-B68A2CB6AF0F} = {22AEE7F1-3AE1-402A-8511-3F29E7840F67}
		{82E55833-612C-4418-89BD-F9F4B8209B2A} = {A09906D8-BC8E-467B-8B85-B9AEDD0183A2}
		{54B81286-339A-485F-9F8B-1C8DC3CCB6BA} = {733EE579-7E7C-4733-9A62-A3DFAEA5C4EC}
		{0BC3D70A-3596-4D89-A502-3D68EEE11B6C} = {535C2D49-0BAF-4233-9383-188D2AB20C70}
		{0E38CB0A-8C64-4CB0-9585-6DB3959B6E42} = {CDDB25B8-D297-429E-A826-FDB7CA81F7FF}
	EndGlobalSection
	GlobalSection(ExtensibilityGlobals) = postSolution
		SolutionGuid = {7C1173D5-6ACF-47AF-BDC5-2238AD43541A}
	EndGlobalSection
EndGlobal
