
Microsoft Visual Studio Solution File, Format Version 12.00
# Visual Studio Version 16
VisualStudioVersion = 16.0.29509.3
MinimumVisualStudioVersion = 10.0.40219.1
Project("{2150E333-8FDC-42A3-9474-1A3956D46DE8}") = "01 Solucion WebApi (backend)", "01 Solucion WebApi (backend)", "{5A02F855-3B10-4175-BD72-3F6FA681C7FC}"
EndProject
Project("{2150E333-8FDC-42A3-9474-1A3956D46DE8}") = "01 Presentacion", "01 Presentacion", "{22AEE7F1-3AE1-402A-8511-3F29E7840F67}"
EndProject
Project("{2150E333-8FDC-42A3-9474-1A3956D46DE8}") = "02 Dominio", "02 Dominio", "{A09906D8-BC8E-467B-8B85-B9AEDD0183A2}"
EndProject
Project("{2150E333-8FDC-42A3-9474-1A3956D46DE8}") = "03 Aplicacion", "03 Aplicacion", "{535C2D49-0BAF-4233-9383-188D2AB20C70}"
EndProject
Project("{2150E333-8FDC-42A3-9474-1A3956D46DE8}") = "04 Persistencia", "04 Persistencia", "{733EE579-7E7C-4733-9A62-A3DFAEA5C4EC}"
EndProject
Project("{2150E333-8FDC-42A3-9474-1A3956D46DE8}") = "03 Solucion Xamarin (frontend)", "03 Solucion Xamarin (frontend)", "{AB177E13-A697-424C-86BD-6BDE06D382F5}"
EndProject
Project("{2150E333-8FDC-42A3-9474-1A3956D46DE8}") = "02 Solucion Service Rest (Net Standard)", "02 Solucion Service Rest (Net Standard)", "{CDDB25B8-D297-429E-A826-FDB7CA81F7FF}"
EndProject
Project("{9A19103F-16F7-4668-BE54-9A1E7A4F7556}") = "Northwind.WebAPI", "Northwind.WebAPI\Northwind.WebAPI.csproj", "{64808D2C-4BCE-4492-87D8-B68A2CB6AF0F}"
EndProject
Project("{9A19103F-16F7-4668-BE54-9A1E7A4F7556}") = "Northwind.Entities", "Northwind.Entities\Northwind.Entities.csproj", "{82E55833-612C-4418-89BD-F9F4B8209B2A}"
EndProject
Project("{9A19103F-16F7-4668-BE54-9A1E7A4F7556}") = "Northwind.DAL", "Northwind.DAL\Northwind.DAL.csproj", "{54B81286-339A-485F-9F8B-1C8DC3CCB6BA}"
EndProject
Project("{9A19103F-16F7-4668-BE54-9A1E7A4F7556}") = "Northwind.BLL", "Northwind.BLL\Northwind.BLL.csproj", "{0BC3D70A-3596-4D89-A502-3D68EEE11B6C}"
EndProject
Project("{FAE04EC0-301F-11D3-BF4B-00C04F79EFBC}") = "Northwind.RestService", "Northwind.RestService\Northwind.RestService.csproj", "{0E38CB0A-8C64-4CB0-9585-6DB3959B6E42}"
EndProject
Project("{FAE04EC0-301F-11D3-BF4B-00C04F79EFBC}") = "Northwin.AppMobile.UWP", "Northwin.AppMobile\Northwin.AppMobile.UWP\Northwin.AppMobile.UWP.csproj", "{0E0EA164-D606-4AEE-8357-E88DCF25728C}"
EndProject
Project("{FAE04EC0-301F-11D3-BF4B-00C04F79EFBC}") = "Northwin.AppMobile.Android", "Northwin.AppMobile\Northwin.AppMobile.Android\Northwin.AppMobile.Android.csproj", "{5D4EC614-DE7A-48F7-8E59-5380CFDC038E}"
EndProject
Project("{FAE04EC0-301F-11D3-BF4B-00C04F79EFBC}") = "Northwin.AppMobile.iOS", "Northwin.AppMobile\Northwin.AppMobile.iOS\Northwin.AppMobile.iOS.csproj", "{28454D4F-D2D9-4B28-82A9-C8C778010833}"
EndProject
Project("{FAE04EC0-301F-11D3-BF4B-00C04F79EFBC}") = "Northwin.AppMobile", "Northwin.AppMobile\Northwin.AppMobile\Northwin.AppMobile.csproj", "{AF616B3E-E0E3-422B-9E52-001D3BF1895C}"
EndProject
Global
	GlobalSection(SolutionConfigurationPlatforms) = preSolution
		Debug|Any CPU = Debug|Any CPU
		Debug|ARM = Debug|ARM
		Debug|iPhone = Debug|iPhone
		Debug|iPhoneSimulator = Debug|iPhoneSimulator
		Debug|x64 = Debug|x64
		Debug|x86 = Debug|x86
		Release|Any CPU = Release|Any CPU
		Release|ARM = Release|ARM
		Release|iPhone = Release|iPhone
		Release|iPhoneSimulator = Release|iPhoneSimulator
		Release|x64 = Release|x64
		Release|x86 = Release|x86
	EndGlobalSection
	GlobalSection(ProjectConfigurationPlatforms) = postSolution
		{64808D2C-4BCE-4492-87D8-B68A2CB6AF0F}.Debug|Any CPU.ActiveCfg = Debug|Any CPU
		{64808D2C-4BCE-4492-87D8-B68A2CB6AF0F}.Debug|Any CPU.Build.0 = Debug|Any CPU
		{64808D2C-4BCE-4492-87D8-B68A2CB6AF0F}.Debug|ARM.ActiveCfg = Debug|Any CPU
		{64808D2C-4BCE-4492-87D8-B68A2CB6AF0F}.Debug|ARM.Build.0 = Debug|Any CPU
		{64808D2C-4BCE-4492-87D8-B68A2CB6AF0F}.Debug|iPhone.ActiveCfg = Debug|Any CPU
		{64808D2C-4BCE-4492-87D8-B68A2CB6AF0F}.Debug|iPhone.Build.0 = Debug|Any CPU
		{64808D2C-4BCE-4492-87D8-B68A2CB6AF0F}.Debug|iPhoneSimulator.ActiveCfg = Debug|Any CPU
		{64808D2C-4BCE-4492-87D8-B68A2CB6AF0F}.Debug|iPhoneSimulator.Build.0 = Debug|Any CPU
		{64808D2C-4BCE-4492-87D8-B68A2CB6AF0F}.Debug|x64.ActiveCfg = Debug|Any CPU
		{64808D2C-4BCE-4492-87D8-B68A2CB6AF0F}.Debug|x64.Build.0 = Debug|Any CPU
		{64808D2C-4BCE-4492-87D8-B68A2CB6AF0F}.Debug|x86.ActiveCfg = Debug|Any CPU
		{64808D2C-4BCE-4492-87D8-B68A2CB6AF0F}.Debug|x86.Build.0 = Debug|Any CPU
		{64808D2C-4BCE-4492-87D8-B68A2CB6AF0F}.Release|Any CPU.ActiveCfg = Release|Any CPU
		{64808D2C-4BCE-4492-87D8-B68A2CB6AF0F}.Release|Any CPU.Build.0 = Release|Any CPU
		{64808D2C-4BCE-4492-87D8-B68A2CB6AF0F}.Release|ARM.ActiveCfg = Release|Any CPU
		{64808D2C-4BCE-4492-87D8-B68A2CB6AF0F}.Release|ARM.Build.0 = Release|Any CPU
		{64808D2C-4BCE-4492-87D8-B68A2CB6AF0F}.Release|iPhone.ActiveCfg = Release|Any CPU
		{64808D2C-4BCE-4492-87D8-B68A2CB6AF0F}.Release|iPhone.Build.0 = Release|Any CPU
		{64808D2C-4BCE-4492-87D8-B68A2CB6AF0F}.Release|iPhoneSimulator.ActiveCfg = Release|Any CPU
		{64808D2C-4BCE-4492-87D8-B68A2CB6AF0F}.Release|iPhoneSimulator.Build.0 = Release|Any CPU
		{64808D2C-4BCE-4492-87D8-B68A2CB6AF0F}.Release|x64.ActiveCfg = Release|Any CPU
		{64808D2C-4BCE-4492-87D8-B68A2CB6AF0F}.Release|x64.Build.0 = Release|Any CPU
		{64808D2C-4BCE-4492-87D8-B68A2CB6AF0F}.Release|x86.ActiveCfg = Release|Any CPU
		{64808D2C-4BCE-4492-87D8-B68A2CB6AF0F}.Release|x86.Build.0 = Release|Any CPU
		{82E55833-612C-4418-89BD-F9F4B8209B2A}.Debug|Any CPU.ActiveCfg = Debug|Any CPU
		{82E55833-612C-4418-89BD-F9F4B8209B2A}.Debug|Any CPU.Build.0 = Debug|Any CPU
		{82E55833-612C-4418-89BD-F9F4B8209B2A}.Debug|ARM.ActiveCfg = Debug|Any CPU
		{82E55833-612C-4418-89BD-F9F4B8209B2A}.Debug|ARM.Build.0 = Debug|Any CPU
		{82E55833-612C-4418-89BD-F9F4B8209B2A}.Debug|iPhone.ActiveCfg = Debug|Any CPU
		{82E55833-612C-4418-89BD-F9F4B8209B2A}.Debug|iPhone.Build.0 = Debug|Any CPU
		{82E55833-612C-4418-89BD-F9F4B8209B2A}.Debug|iPhoneSimulator.ActiveCfg = Debug|Any CPU
		{82E55833-612C-4418-89BD-F9F4B8209B2A}.Debug|iPhoneSimulator.Build.0 = Debug|Any CPU
		{82E55833-612C-4418-89BD-F9F4B8209B2A}.Debug|x64.ActiveCfg = Debug|Any CPU
		{82E55833-612C-4418-89BD-F9F4B8209B2A}.Debug|x64.Build.0 = Debug|Any CPU
		{82E55833-612C-4418-89BD-F9F4B8209B2A}.Debug|x86.ActiveCfg = Debug|Any CPU
		{82E55833-612C-4418-89BD-F9F4B8209B2A}.Debug|x86.Build.0 = Debug|Any CPU
		{82E55833-612C-4418-89BD-F9F4B8209B2A}.Release|Any CPU.ActiveCfg = Release|Any CPU
		{82E55833-612C-4418-89BD-F9F4B8209B2A}.Release|Any CPU.Build.0 = Release|Any CPU
		{82E55833-612C-4418-89BD-F9F4B8209B2A}.Release|ARM.ActiveCfg = Release|Any CPU
		{82E55833-612C-4418-89BD-F9F4B8209B2A}.Release|ARM.Build.0 = Release|Any CPU
		{82E55833-612C-4418-89BD-F9F4B8209B2A}.Release|iPhone.ActiveCfg = Release|Any CPU
		{82E55833-612C-4418-89BD-F9F4B8209B2A}.Release|iPhone.Build.0 = Release|Any CPU
		{82E55833-612C-4418-89BD-F9F4B8209B2A}.Release|iPhoneSimulator.ActiveCfg = Release|Any CPU
		{82E55833-612C-4418-89BD-F9F4B8209B2A}.Release|iPhoneSimulator.Build.0 = Release|Any CPU
		{82E55833-612C-4418-89BD-F9F4B8209B2A}.Release|x64.ActiveCfg = Release|Any CPU
		{82E55833-612C-4418-89BD-F9F4B8209B2A}.Release|x64.Build.0 = Release|Any CPU
		{82E55833-612C-4418-89BD-F9F4B8209B2A}.Release|x86.ActiveCfg = Release|Any CPU
		{82E55833-612C-4418-89BD-F9F4B8209B2A}.Release|x86.Build.0 = Release|Any CPU
		{54B81286-339A-485F-9F8B-1C8DC3CCB6BA}.Debug|Any CPU.ActiveCfg = Debug|Any CPU
		{54B81286-339A-485F-9F8B-1C8DC3CCB6BA}.Debug|Any CPU.Build.0 = Debug|Any CPU
		{54B81286-339A-485F-9F8B-1C8DC3CCB6BA}.Debug|ARM.ActiveCfg = Debug|Any CPU
		{54B81286-339A-485F-9F8B-1C8DC3CCB6BA}.Debug|ARM.Build.0 = Debug|Any CPU
		{54B81286-339A-485F-9F8B-1C8DC3CCB6BA}.Debug|iPhone.ActiveCfg = Debug|Any CPU
		{54B81286-339A-485F-9F8B-1C8DC3CCB6BA}.Debug|iPhone.Build.0 = Debug|Any CPU
		{54B81286-339A-485F-9F8B-1C8DC3CCB6BA}.Debug|iPhoneSimulator.ActiveCfg = Debug|Any CPU
		{54B81286-339A-485F-9F8B-1C8DC3CCB6BA}.Debug|iPhoneSimulator.Build.0 = Debug|Any CPU
		{54B81286-339A-485F-9F8B-1C8DC3CCB6BA}.Debug|x64.ActiveCfg = Debug|Any CPU
		{54B81286-339A-485F-9F8B-1C8DC3CCB6BA}.Debug|x64.Build.0 = Debug|Any CPU
		{54B81286-339A-485F-9F8B-1C8DC3CCB6BA}.Debug|x86.ActiveCfg = Debug|Any CPU
		{54B81286-339A-485F-9F8B-1C8DC3CCB6BA}.Debug|x86.Build.0 = Debug|Any CPU
		{54B81286-339A-485F-9F8B-1C8DC3CCB6BA}.Release|Any CPU.ActiveCfg = Release|Any CPU
		{54B81286-339A-485F-9F8B-1C8DC3CCB6BA}.Release|Any CPU.Build.0 = Release|Any CPU
		{54B81286-339A-485F-9F8B-1C8DC3CCB6BA}.Release|ARM.ActiveCfg = Release|Any CPU
		{54B81286-339A-485F-9F8B-1C8DC3CCB6BA}.Release|ARM.Build.0 = Release|Any CPU
		{54B81286-339A-485F-9F8B-1C8DC3CCB6BA}.Release|iPhone.ActiveCfg = Release|Any CPU
		{54B81286-339A-485F-9F8B-1C8DC3CCB6BA}.Release|iPhone.Build.0 = Release|Any CPU
		{54B81286-339A-485F-9F8B-1C8DC3CCB6BA}.Release|iPhoneSimulator.ActiveCfg = Release|Any CPU
		{54B81286-339A-485F-9F8B-1C8DC3CCB6BA}.Release|iPhoneSimulator.Build.0 = Release|Any CPU
		{54B81286-339A-485F-9F8B-1C8DC3CCB6BA}.Release|x64.ActiveCfg = Release|Any CPU
		{54B81286-339A-485F-9F8B-1C8DC3CCB6BA}.Release|x64.Build.0 = Release|Any CPU
		{54B81286-339A-485F-9F8B-1C8DC3CCB6BA}.Release|x86.ActiveCfg = Release|Any CPU
		{54B81286-339A-485F-9F8B-1C8DC3CCB6BA}.Release|x86.Build.0 = Release|Any CPU
		{0BC3D70A-3596-4D89-A502-3D68EEE11B6C}.Debug|Any CPU.ActiveCfg = Debug|Any CPU
		{0BC3D70A-3596-4D89-A502-3D68EEE11B6C}.Debug|Any CPU.Build.0 = Debug|Any CPU
		{0BC3D70A-3596-4D89-A502-3D68EEE11B6C}.Debug|ARM.ActiveCfg = Debug|Any CPU
		{0BC3D70A-3596-4D89-A502-3D68EEE11B6C}.Debug|ARM.Build.0 = Debug|Any CPU
		{0BC3D70A-3596-4D89-A502-3D68EEE11B6C}.Debug|iPhone.ActiveCfg = Debug|Any CPU
		{0BC3D70A-3596-4D89-A502-3D68EEE11B6C}.Debug|iPhone.Build.0 = Debug|Any CPU
		{0BC3D70A-3596-4D89-A502-3D68EEE11B6C}.Debug|iPhoneSimulator.ActiveCfg = Debug|Any CPU
		{0BC3D70A-3596-4D89-A502-3D68EEE11B6C}.Debug|iPhoneSimulator.Build.0 = Debug|Any CPU
		{0BC3D70A-3596-4D89-A502-3D68EEE11B6C}.Debug|x64.ActiveCfg = Debug|Any CPU
		{0BC3D70A-3596-4D89-A502-3D68EEE11B6C}.Debug|x64.Build.0 = Debug|Any CPU
		{0BC3D70A-3596-4D89-A502-3D68EEE11B6C}.Debug|x86.ActiveCfg = Debug|Any CPU
		{0BC3D70A-3596-4D89-A502-3D68EEE11B6C}.Debug|x86.Build.0 = Debug|Any CPU
		{0BC3D70A-3596-4D89-A502-3D68EEE11B6C}.Release|Any CPU.ActiveCfg = Release|Any CPU
		{0BC3D70A-3596-4D89-A502-3D68EEE11B6C}.Release|Any CPU.Build.0 = Release|Any CPU
		{0BC3D70A-3596-4D89-A502-3D68EEE11B6C}.Release|ARM.ActiveCfg = Release|Any CPU
		{0BC3D70A-3596-4D89-A502-3D68EEE11B6C}.Release|ARM.Build.0 = Release|Any CPU
		{0BC3D70A-3596-4D89-A502-3D68EEE11B6C}.Release|iPhone.ActiveCfg = Release|Any CPU
		{0BC3D70A-3596-4D89-A502-3D68EEE11B6C}.Release|iPhone.Build.0 = Release|Any CPU
		{0BC3D70A-3596-4D89-A502-3D68EEE11B6C}.Release|iPhoneSimulator.ActiveCfg = Release|Any CPU
		{0BC3D70A-3596-4D89-A502-3D68EEE11B6C}.Release|iPhoneSimulator.Build.0 = Release|Any CPU
		{0BC3D70A-3596-4D89-A502-3D68EEE11B6C}.Release|x64.ActiveCfg = Release|Any CPU
		{0BC3D70A-3596-4D89-A502-3D68EEE11B6C}.Release|x64.Build.0 = Release|Any CPU
		{0BC3D70A-3596-4D89-A502-3D68EEE11B6C}.Release|x86.ActiveCfg = Release|Any CPU
		{0BC3D70A-3596-4D89-A502-3D68EEE11B6C}.Release|x86.Build.0 = Release|Any CPU
		{0E38CB0A-8C64-4CB0-9585-6DB3959B6E42}.Debug|Any CPU.ActiveCfg = Debug|Any CPU
		{0E38CB0A-8C64-4CB0-9585-6DB3959B6E42}.Debug|Any CPU.Build.0 = Debug|Any CPU
		{0E38CB0A-8C64-4CB0-9585-6DB3959B6E42}.Debug|ARM.ActiveCfg = Debug|Any CPU
		{0E38CB0A-8C64-4CB0-9585-6DB3959B6E42}.Debug|ARM.Build.0 = Debug|Any CPU
		{0E38CB0A-8C64-4CB0-9585-6DB3959B6E42}.Debug|iPhone.ActiveCfg = Debug|Any CPU
		{0E38CB0A-8C64-4CB0-9585-6DB3959B6E42}.Debug|iPhone.Build.0 = Debug|Any CPU
		{0E38CB0A-8C64-4CB0-9585-6DB3959B6E42}.Debug|iPhoneSimulator.ActiveCfg = Debug|Any CPU
		{0E38CB0A-8C64-4CB0-9585-6DB3959B6E42}.Debug|iPhoneSimulator.Build.0 = Debug|Any CPU
		{0E38CB0A-8C64-4CB0-9585-6DB3959B6E42}.Debug|x64.ActiveCfg = Debug|Any CPU
		{0E38CB0A-8C64-4CB0-9585-6DB3959B6E42}.Debug|x64.Build.0 = Debug|Any CPU
		{0E38CB0A-8C64-4CB0-9585-6DB3959B6E42}.Debug|x86.ActiveCfg = Debug|Any CPU
		{0E38CB0A-8C64-4CB0-9585-6DB3959B6E42}.Debug|x86.Build.0 = Debug|Any CPU
		{0E38CB0A-8C64-4CB0-9585-6DB3959B6E42}.Release|Any CPU.ActiveCfg = Release|Any CPU
		{0E38CB0A-8C64-4CB0-9585-6DB3959B6E42}.Release|Any CPU.Build.0 = Release|Any CPU
		{0E38CB0A-8C64-4CB0-9585-6DB3959B6E42}.Release|ARM.ActiveCfg = Release|Any CPU
		{0E38CB0A-8C64-4CB0-9585-6DB3959B6E42}.Release|ARM.Build.0 = Release|Any CPU
		{0E38CB0A-8C64-4CB0-9585-6DB3959B6E42}.Release|iPhone.ActiveCfg = Release|Any CPU
		{0E38CB0A-8C64-4CB0-9585-6DB3959B6E42}.Release|iPhone.Build.0 = Release|Any CPU
		{0E38CB0A-8C64-4CB0-9585-6DB3959B6E42}.Release|iPhoneSimulator.ActiveCfg = Release|Any CPU
		{0E38CB0A-8C64-4CB0-9585-6DB3959B6E42}.Release|iPhoneSimulator.Build.0 = Release|Any CPU
		{0E38CB0A-8C64-4CB0-9585-6DB3959B6E42}.Release|x64.ActiveCfg = Release|Any CPU
		{0E38CB0A-8C64-4CB0-9585-6DB3959B6E42}.Release|x64.Build.0 = Release|Any CPU
		{0E38CB0A-8C64-4CB0-9585-6DB3959B6E42}.Release|x86.ActiveCfg = Release|Any CPU
		{0E38CB0A-8C64-4CB0-9585-6DB3959B6E42}.Release|x86.Build.0 = Release|Any CPU
		{0E0EA164-D606-4AEE-8357-E88DCF25728C}.Debug|Any CPU.ActiveCfg = Debug|x86
		{0E0EA164-D606-4AEE-8357-E88DCF25728C}.Debug|ARM.ActiveCfg = Debug|ARM
		{0E0EA164-D606-4AEE-8357-E88DCF25728C}.Debug|ARM.Build.0 = Debug|ARM
		{0E0EA164-D606-4AEE-8357-E88DCF25728C}.Debug|ARM.Deploy.0 = Debug|ARM
		{0E0EA164-D606-4AEE-8357-E88DCF25728C}.Debug|iPhone.ActiveCfg = Debug|x86
		{0E0EA164-D606-4AEE-8357-E88DCF25728C}.Debug|iPhoneSimulator.ActiveCfg = Debug|x86
		{0E0EA164-D606-4AEE-8357-E88DCF25728C}.Debug|x64.ActiveCfg = Debug|x64
		{0E0EA164-D606-4AEE-8357-E88DCF25728C}.Debug|x64.Build.0 = Debug|x64
		{0E0EA164-D606-4AEE-8357-E88DCF25728C}.Debug|x64.Deploy.0 = Debug|x64
		{0E0EA164-D606-4AEE-8357-E88DCF25728C}.Debug|x86.ActiveCfg = Debug|x86
		{0E0EA164-D606-4AEE-8357-E88DCF25728C}.Debug|x86.Build.0 = Debug|x86
		{0E0EA164-D606-4AEE-8357-E88DCF25728C}.Debug|x86.Deploy.0 = Debug|x86
		{0E0EA164-D606-4AEE-8357-E88DCF25728C}.Release|Any CPU.ActiveCfg = Release|x86
		{0E0EA164-D606-4AEE-8357-E88DCF25728C}.Release|ARM.ActiveCfg = Release|ARM
		{0E0EA164-D606-4AEE-8357-E88DCF25728C}.Release|ARM.Build.0 = Release|ARM
		{0E0EA164-D606-4AEE-8357-E88DCF25728C}.Release|ARM.Deploy.0 = Release|ARM
		{0E0EA164-D606-4AEE-8357-E88DCF25728C}.Release|iPhone.ActiveCfg = Release|x86
		{0E0EA164-D606-4AEE-8357-E88DCF25728C}.Release|iPhoneSimulator.ActiveCfg = Release|x86
		{0E0EA164-D606-4AEE-8357-E88DCF25728C}.Release|x64.ActiveCfg = Release|x64
		{0E0EA164-D606-4AEE-8357-E88DCF25728C}.Release|x64.Build.0 = Release|x64
		{0E0EA164-D606-4AEE-8357-E88DCF25728C}.Release|x64.Deploy.0 = Release|x64
		{0E0EA164-D606-4AEE-8357-E88DCF25728C}.Release|x86.ActiveCfg = Release|x86
		{0E0EA164-D606-4AEE-8357-E88DCF25728C}.Release|x86.Build.0 = Release|x86
		{0E0EA164-D606-4AEE-8357-E88DCF25728C}.Release|x86.Deploy.0 = Release|x86
		{5D4EC614-DE7A-48F7-8E59-5380CFDC038E}.Debug|Any CPU.ActiveCfg = Debug|Any CPU
		{5D4EC614-DE7A-48F7-8E59-5380CFDC038E}.Debug|Any CPU.Build.0 = Debug|Any CPU
		{5D4EC614-DE7A-48F7-8E59-5380CFDC038E}.Debug|Any CPU.Deploy.0 = Debug|Any CPU
		{5D4EC614-DE7A-48F7-8E59-5380CFDC038E}.Debug|ARM.ActiveCfg = Debug|Any CPU
		{5D4EC614-DE7A-48F7-8E59-5380CFDC038E}.Debug|ARM.Build.0 = Debug|Any CPU
		{5D4EC614-DE7A-48F7-8E59-5380CFDC038E}.Debug|ARM.Deploy.0 = Debug|Any CPU
		{5D4EC614-DE7A-48F7-8E59-5380CFDC038E}.Debug|iPhone.ActiveCfg = Debug|Any CPU
		{5D4EC614-DE7A-48F7-8E59-5380CFDC038E}.Debug|iPhone.Build.0 = Debug|Any CPU
		{5D4EC614-DE7A-48F7-8E59-5380CFDC038E}.Debug|iPhone.Deploy.0 = Debug|Any CPU
		{5D4EC614-DE7A-48F7-8E59-5380CFDC038E}.Debug|iPhoneSimulator.ActiveCfg = Debug|Any CPU
		{5D4EC614-DE7A-48F7-8E59-5380CFDC038E}.Debug|iPhoneSimulator.Build.0 = Debug|Any CPU
		{5D4EC614-DE7A-48F7-8E59-5380CFDC038E}.Debug|iPhoneSimulator.Deploy.0 = Debug|Any CPU
		{5D4EC614-DE7A-48F7-8E59-5380CFDC038E}.Debug|x64.ActiveCfg = Debug|Any CPU
		{5D4EC614-DE7A-48F7-8E59-5380CFDC038E}.Debug|x64.Build.0 = Debug|Any CPU
		{5D4EC614-DE7A-48F7-8E59-5380CFDC038E}.Debug|x64.Deploy.0 = Debug|Any CPU
		{5D4EC614-DE7A-48F7-8E59-5380CFDC038E}.Debug|x86.ActiveCfg = Debug|Any CPU
		{5D4EC614-DE7A-48F7-8E59-5380CFDC038E}.Debug|x86.Build.0 = Debug|Any CPU
		{5D4EC614-DE7A-48F7-8E59-5380CFDC038E}.Debug|x86.Deploy.0 = Debug|Any CPU
		{5D4EC614-DE7A-48F7-8E59-5380CFDC038E}.Release|Any CPU.ActiveCfg = Release|Any CPU
		{5D4EC614-DE7A-48F7-8E59-5380CFDC038E}.Release|Any CPU.Build.0 = Release|Any CPU
		{5D4EC614-DE7A-48F7-8E59-5380CFDC038E}.Release|Any CPU.Deploy.0 = Release|Any CPU
		{5D4EC614-DE7A-48F7-8E59-5380CFDC038E}.Release|ARM.ActiveCfg = Release|Any CPU
		{5D4EC614-DE7A-48F7-8E59-5380CFDC038E}.Release|ARM.Build.0 = Release|Any CPU
		{5D4EC614-DE7A-48F7-8E59-5380CFDC038E}.Release|ARM.Deploy.0 = Release|Any CPU
		{5D4EC614-DE7A-48F7-8E59-5380CFDC038E}.Release|iPhone.ActiveCfg = Release|Any CPU
		{5D4EC614-DE7A-48F7-8E59-5380CFDC038E}.Release|iPhone.Build.0 = Release|Any CPU
		{5D4EC614-DE7A-48F7-8E59-5380CFDC038E}.Release|iPhone.Deploy.0 = Release|Any CPU
		{5D4EC614-DE7A-48F7-8E59-5380CFDC038E}.Release|iPhoneSimulator.ActiveCfg = Release|Any CPU
		{5D4EC614-DE7A-48F7-8E59-5380CFDC038E}.Release|iPhoneSimulator.Build.0 = Release|Any CPU
		{5D4EC614-DE7A-48F7-8E59-5380CFDC038E}.Release|iPhoneSimulator.Deploy.0 = Release|Any CPU
		{5D4EC614-DE7A-48F7-8E59-5380CFDC038E}.Release|x64.ActiveCfg = Release|Any CPU
		{5D4EC614-DE7A-48F7-8E59-5380CFDC038E}.Release|x64.Build.0 = Release|Any CPU
		{5D4EC614-DE7A-48F7-8E59-5380CFDC038E}.Release|x64.Deploy.0 = Release|Any CPU
		{5D4EC614-DE7A-48F7-8E59-5380CFDC038E}.Release|x86.ActiveCfg = Release|Any CPU
		{5D4EC614-DE7A-48F7-8E59-5380CFDC038E}.Release|x86.Build.0 = Release|Any CPU
		{5D4EC614-DE7A-48F7-8E59-5380CFDC038E}.Release|x86.Deploy.0 = Release|Any CPU
		{28454D4F-D2D9-4B28-82A9-C8C778010833}.Debug|Any CPU.ActiveCfg = Debug|iPhone
		{28454D4F-D2D9-4B28-82A9-C8C778010833}.Debug|ARM.ActiveCfg = Debug|iPhone
		{28454D4F-D2D9-4B28-82A9-C8C778010833}.Debug|iPhone.ActiveCfg = Debug|iPhone
		{28454D4F-D2D9-4B28-82A9-C8C778010833}.Debug|iPhone.Build.0 = Debug|iPhone
		{28454D4F-D2D9-4B28-82A9-C8C778010833}.Debug|iPhoneSimulator.ActiveCfg = Debug|iPhoneSimulator
		{28454D4F-D2D9-4B28-82A9-C8C778010833}.Debug|iPhoneSimulator.Build.0 = Debug|iPhoneSimulator
		{28454D4F-D2D9-4B28-82A9-C8C778010833}.Debug|x64.ActiveCfg = Debug|iPhone
		{28454D4F-D2D9-4B28-82A9-C8C778010833}.Debug|x86.ActiveCfg = Debug|iPhone
		{28454D4F-D2D9-4B28-82A9-C8C778010833}.Release|Any CPU.ActiveCfg = Release|iPhone
		{28454D4F-D2D9-4B28-82A9-C8C778010833}.Release|ARM.ActiveCfg = Release|iPhone
		{28454D4F-D2D9-4B28-82A9-C8C778010833}.Release|iPhone.ActiveCfg = Release|iPhone
		{28454D4F-D2D9-4B28-82A9-C8C778010833}.Release|iPhone.Build.0 = Release|iPhone
		{28454D4F-D2D9-4B28-82A9-C8C778010833}.Release|iPhoneSimulator.ActiveCfg = Release|iPhoneSimulator
		{28454D4F-D2D9-4B28-82A9-C8C778010833}.Release|iPhoneSimulator.Build.0 = Release|iPhoneSimulator
		{28454D4F-D2D9-4B28-82A9-C8C778010833}.Release|x64.ActiveCfg = Release|iPhone
		{28454D4F-D2D9-4B28-82A9-C8C778010833}.Release|x86.ActiveCfg = Release|iPhone
		{AF616B3E-E0E3-422B-9E52-001D3BF1895C}.Debug|Any CPU.ActiveCfg = Debug|Any CPU
		{AF616B3E-E0E3-422B-9E52-001D3BF1895C}.Debug|Any CPU.Build.0 = Debug|Any CPU
		{AF616B3E-E0E3-422B-9E52-001D3BF1895C}.Debug|ARM.ActiveCfg = Debug|Any CPU
		{AF616B3E-E0E3-422B-9E52-001D3BF1895C}.Debug|ARM.Build.0 = Debug|Any CPU
		{AF616B3E-E0E3-422B-9E52-001D3BF1895C}.Debug|iPhone.ActiveCfg = Debug|Any CPU
		{AF616B3E-E0E3-422B-9E52-001D3BF1895C}.Debug|iPhone.Build.0 = Debug|Any CPU
		{AF616B3E-E0E3-422B-9E52-001D3BF1895C}.Debug|iPhoneSimulator.ActiveCfg = Debug|Any CPU
		{AF616B3E-E0E3-422B-9E52-001D3BF1895C}.Debug|iPhoneSimulator.Build.0 = Debug|Any CPU
		{AF616B3E-E0E3-422B-9E52-001D3BF1895C}.Debug|x64.ActiveCfg = Debug|Any CPU
		{AF616B3E-E0E3-422B-9E52-001D3BF1895C}.Debug|x64.Build.0 = Debug|Any CPU
		{AF616B3E-E0E3-422B-9E52-001D3BF1895C}.Debug|x86.ActiveCfg = Debug|Any CPU
		{AF616B3E-E0E3-422B-9E52-001D3BF1895C}.Debug|x86.Build.0 = Debug|Any CPU
		{AF616B3E-E0E3-422B-9E52-001D3BF1895C}.Release|Any CPU.ActiveCfg = Release|Any CPU
		{AF616B3E-E0E3-422B-9E52-001D3BF1895C}.Release|Any CPU.Build.0 = Release|Any CPU
		{AF616B3E-E0E3-422B-9E52-001D3BF1895C}.Release|ARM.ActiveCfg = Release|Any CPU
		{AF616B3E-E0E3-422B-9E52-001D3BF1895C}.Release|ARM.Build.0 = Release|Any CPU
		{AF616B3E-E0E3-422B-9E52-001D3BF1895C}.Release|iPhone.ActiveCfg = Release|Any CPU
		{AF616B3E-E0E3-422B-9E52-001D3BF1895C}.Release|iPhone.Build.0 = Release|Any CPU
		{AF616B3E-E0E3-422B-9E52-001D3BF1895C}.Release|iPhoneSimulator.ActiveCfg = Release|Any CPU
		{AF616B3E-E0E3-422B-9E52-001D3BF1895C}.Release|iPhoneSimulator.Build.0 = Release|Any CPU
		{AF616B3E-E0E3-422B-9E52-001D3BF1895C}.Release|x64.ActiveCfg = Release|Any CPU
		{AF616B3E-E0E3-422B-9E52-001D3BF1895C}.Release|x64.Build.0 = Release|Any CPU
		{AF616B3E-E0E3-422B-9E52-001D3BF1895C}.Release|x86.ActiveCfg = Release|Any CPU
		{AF616B3E-E0E3-422B-9E52-001D3BF1895C}.Release|x86.Build.0 = Release|Any CPU
	EndGlobalSection
	GlobalSection(SolutionProperties) = preSolution
		HideSolutionNode = FALSE
	EndGlobalSection
	GlobalSection(NestedProjects) = preSolution
		{22AEE7F1-3AE1-402A-8511-3F29E7840F67} = {5A02F855-3B10-4175-BD72-3F6FA681C7FC}
		{A09906D8-BC8E-467B-8B85-B9AEDD0183A2} = {5A02F855-3B10-4175-BD72-3F6FA681C7FC}
		{535C2D49-0BAF-4233-9383-188D2AB20C70} = {5A02F855-3B10-4175-BD72-3F6FA681C7FC}
		{733EE579-7E7C-4733-9A62-A3DFAEA5C4EC} = {5A02F855-3B10-4175-BD72-3F6FA681C7FC}
		{64808D2C-4BCE-4492-87D8-B68A2CB6AF0F} = {22AEE7F1-3AE1-402A-8511-3F29E7840F67}
		{82E55833-612C-4418-89BD-F9F4B8209B2A} = {A09906D8-BC8E-467B-8B85-B9AEDD0183A2}
		{54B81286-339A-485F-9F8B-1C8DC3CCB6BA} = {733EE579-7E7C-4733-9A62-A3DFAEA5C4EC}
		{0BC3D70A-3596-4D89-A502-3D68EEE11B6C} = {535C2D49-0BAF-4233-9383-188D2AB20C70}
		{0E38CB0A-8C64-4CB0-9585-6DB3959B6E42} = {CDDB25B8-D297-429E-A826-FDB7CA81F7FF}
		{0E0EA164-D606-4AEE-8357-E88DCF25728C} = {AB177E13-A697-424C-86BD-6BDE06D382F5}
		{5D4EC614-DE7A-48F7-8E59-5380CFDC038E} = {AB177E13-A697-424C-86BD-6BDE06D382F5}
		{28454D4F-D2D9-4B28-82A9-C8C778010833} = {AB177E13-A697-424C-86BD-6BDE06D382F5}
		{AF616B3E-E0E3-422B-9E52-001D3BF1895C} = {AB177E13-A697-424C-86BD-6BDE06D382F5}
	EndGlobalSection
	GlobalSection(ExtensibilityGlobals) = postSolution
		SolutionGuid = {7C1173D5-6ACF-47AF-BDC5-2238AD43541A}
	EndGlobalSection
EndGlobal
